
Microsoft Visual Studio Solution File, Format Version 12.00
# Visual Studio Version 17
VisualStudioVersion = 17.9.34607.119
MinimumVisualStudioVersion = 10.0.40219.1
Project("{8BC9CEB8-8B4A-11D0-8D11-00A0C91BC942}") = "the chessboard and the knight", "the chessboard and the knight\the chessboard and the knight.vcxproj", "{035680D0-4746-4700-B9B6-C0391D54D1EF}"
EndProject
Global
	GlobalSection(SolutionConfigurationPlatforms) = preSolution
		Debug|x64 = Debug|x64
		Debug|x86 = Debug|x86
		Release|x64 = Release|x64
		Release|x86 = Release|x86
	EndGlobalSection
	GlobalSection(ProjectConfigurationPlatforms) = postSolution
		{035680D0-4746-4700-B9B6-C0391D54D1EF}.Debug|x64.ActiveCfg = Debug|x64
		{035680D0-4746-4700-B9B6-C0391D54D1EF}.Debug|x64.Build.0 = Debug|x64
		{035680D0-4746-4700-B9B6-C0391D54D1EF}.Debug|x86.ActiveCfg = Debug|Win32
		{035680D0-4746-4700-B9B6-C0391D54D1EF}.Debug|x86.Build.0 = Debug|Win32
		{035680D0-4746-4700-B9B6-C0391D54D1EF}.Release|x64.ActiveCfg = Release|x64
		{035680D0-4746-4700-B9B6-C0391D54D1EF}.Release|x64.Build.0 = Release|x64
		{035680D0-4746-4700-B9B6-C0391D54D1EF}.Release|x86.ActiveCfg = Release|Win32
		{035680D0-4746-4700-B9B6-C0391D54D1EF}.Release|x86.Build.0 = Release|Win32
	EndGlobalSection
	GlobalSection(SolutionProperties) = preSolution
		HideSolutionNode = FALSE
	EndGlobalSection
	GlobalSection(ExtensibilityGlobals) = postSolution
		SolutionGuid = {899BBC27-8E6B-4483-86E1-2268797B4AAD}
	EndGlobalSection
EndGlobal
